// !$*UTF8*$!
{
	archiveVersion = 1;
	classes = {
	};
	objectVersion = 77;
	objects = {

/* Begin PBXBuildFile section */
		B0384ECC2F10E11500A1A962 /* iamport-ios in Frameworks */ = {isa = PBXBuildFile; productRef = B0384ECB2F10E11500A1A962 /* iamport-ios */; };
		B03CCA642F14092700CD207E /* SocketIO in Frameworks */ = {isa = PBXBuildFile; productRef = B03CCA632F14092700CD207E /* SocketIO */; };
		B056D4602EE9654C00804650 /* .gitignore in Resources */ = {isa = PBXBuildFile; fileRef = B056D45F2EE9654C00804650 /* .gitignore */; };
		B056D4672EE9691500804650 /* FirebaseMessaging in Frameworks */ = {isa = PBXBuildFile; productRef = B056D4662EE9691500804650 /* FirebaseMessaging */; };
		B0CD153C2F0557AB00AF5A81 /* SnapKit in Frameworks */ = {isa = PBXBuildFile; productRef = B0CD153B2F0557AB00AF5A81 /* SnapKit */; };
		B0CD153F2F05583100AF5A81 /* Alamofire in Frameworks */ = {isa = PBXBuildFile; productRef = B0CD153E2F05583100AF5A81 /* Alamofire */; };
		B0E10B732F1AF4F1000C8F51 /* KakaoSDKAuth in Frameworks */ = {isa = PBXBuildFile; productRef = B0E10B722F1AF4F1000C8F51 /* KakaoSDKAuth */; };
		B0E10B752F1AF4F1000C8F51 /* KakaoSDKCommon in Frameworks */ = {isa = PBXBuildFile; productRef = B0E10B742F1AF4F1000C8F51 /* KakaoSDKCommon */; };
		B0E10B772F1AF4F1000C8F51 /* KakaoSDKUser in Frameworks */ = {isa = PBXBuildFile; productRef = B0E10B762F1AF4F1000C8F51 /* KakaoSDKUser */; };
		B0E99F5F2F0C91280099B29B /* Kingfisher in Frameworks */ = {isa = PBXBuildFile; productRef = B0E99F5E2F0C91280099B29B /* Kingfisher */; };
/* End PBXBuildFile section */

/* Begin PBXFileReference section */
		B056D4472EE9644100804650 /* Feelter.app */ = {isa = PBXFileReference; explicitFileType = wrapper.application; includeInIndex = 0; path = Feelter.app; sourceTree = BUILT_PRODUCTS_DIR; };
		B056D45F2EE9654C00804650 /* .gitignore */ = {isa = PBXFileReference; lastKnownFileType = text; path = .gitignore; sourceTree = "<group>"; };
/* End PBXFileReference section */

/* Begin PBXFileSystemSynchronizedBuildFileExceptionSet section */
		B056D4592EE9644300804650 /* Exceptions for "Feelter" folder in "Feelter" target */ = {
			isa = PBXFileSystemSynchronizedBuildFileExceptionSet;
			membershipExceptions = (
				App/Resources/Info.plist,
				Secrets/APIKeys.xcconfig,
			);
			target = B056D4462EE9644100804650 /* Feelter */;
		};
/* End PBXFileSystemSynchronizedBuildFileExceptionSet section */

/* Begin PBXFileSystemSynchronizedRootGroup section */
		B056D4492EE9644100804650 /* Feelter */ = {
			isa = PBXFileSystemSynchronizedRootGroup;
			exceptions = (
				B056D4592EE9644300804650 /* Exceptions for "Feelter" folder in "Feelter" target */,
			);
			path = Feelter;
			sourceTree = "<group>";
		};
/* End PBXFileSystemSynchronizedRootGroup section */

/* Begin PBXFrameworksBuildPhase section */
		B056D4442EE9644100804650 /* Frameworks */ = {
			isa = PBXFrameworksBuildPhase;
			buildActionMask = 2147483647;
			files = (
				B0E10B752F1AF4F1000C8F51 /* KakaoSDKCommon in Frameworks */,
				B0E10B732F1AF4F1000C8F51 /* KakaoSDKAuth in Frameworks */,
				B0384ECC2F10E11500A1A962 /* iamport-ios in Frameworks */,
				B0E99F5F2F0C91280099B29B /* Kingfisher in Frameworks */,
				B0CD153F2F05583100AF5A81 /* Alamofire in Frameworks */,
				B056D4672EE9691500804650 /* FirebaseMessaging in Frameworks */,
				B0CD153C2F0557AB00AF5A81 /* SnapKit in Frameworks */,
				B03CCA642F14092700CD207E /* SocketIO in Frameworks */,
				B0E10B772F1AF4F1000C8F51 /* KakaoSDKUser in Frameworks */,
			);
			runOnlyForDeploymentPostprocessing = 0;
		};
/* End PBXFrameworksBuildPhase section */

/* Begin PBXGroup section */
		B056D43E2EE9644100804650 = {
			isa = PBXGroup;
			children = (
				B056D45F2EE9654C00804650 /* .gitignore */,
				B056D4492EE9644100804650 /* Feelter */,
				B056D4482EE9644100804650 /* Products */,
			);
			sourceTree = "<group>";
		};
		B056D4482EE9644100804650 /* Products */ = {
			isa = PBXGroup;
			children = (
				B056D4472EE9644100804650 /* Feelter.app */,
			);
			name = Products;
			sourceTree = "<group>";
		};
/* End PBXGroup section */

/* Begin PBXNativeTarget section */
		B056D4462EE9644100804650 /* Feelter */ = {
			isa = PBXNativeTarget;
			buildConfigurationList = B056D45A2EE9644300804650 /* Build configuration list for PBXNativeTarget "Feelter" */;
			buildPhases = (
				B056D4432EE9644100804650 /* Sources */,
				B056D4442EE9644100804650 /* Frameworks */,
				B056D4452EE9644100804650 /* Resources */,
			);
			buildRules = (
			);
			dependencies = (
			);
			fileSystemSynchronizedGroups = (
				B056D4492EE9644100804650 /* Feelter */,
			);
			name = Feelter;
			packageProductDependencies = (
				B056D4662EE9691500804650 /* FirebaseMessaging */,
				B0CD153B2F0557AB00AF5A81 /* SnapKit */,
				B0CD153E2F05583100AF5A81 /* Alamofire */,
				B0E99F5E2F0C91280099B29B /* Kingfisher */,
				B0384ECB2F10E11500A1A962 /* iamport-ios */,
				B03CCA632F14092700CD207E /* SocketIO */,
				B0E10B722F1AF4F1000C8F51 /* KakaoSDKAuth */,
				B0E10B742F1AF4F1000C8F51 /* KakaoSDKCommon */,
				B0E10B762F1AF4F1000C8F51 /* KakaoSDKUser */,
			);
			productName = Feelter;
			productReference = B056D4472EE9644100804650 /* Feelter.app */;
			productType = "com.apple.product-type.application";
		};
/* End PBXNativeTarget section */

/* Begin PBXProject section */
		B056D43F2EE9644100804650 /* Project object */ = {
			isa = PBXProject;
			attributes = {
				BuildIndependentTargetsInParallel = 1;
				LastSwiftUpdateCheck = 1640;
				LastUpgradeCheck = 2620;
				TargetAttributes = {
					B056D4462EE9644100804650 = {
						CreatedOnToolsVersion = 16.4;
					};
				};
			};
			buildConfigurationList = B056D4422EE9644100804650 /* Build configuration list for PBXProject "Feelter" */;
			developmentRegion = en;
			hasScannedForEncodings = 0;
			knownRegions = (
				en,
				Base,
			);
			mainGroup = B056D43E2EE9644100804650;
			minimizedProjectReferenceProxies = 1;
			packageReferences = (
				B056D4652EE9691500804650 /* XCRemoteSwiftPackageReference "firebase-ios-sdk" */,
				B0CD153A2F0557AB00AF5A81 /* XCRemoteSwiftPackageReference "SnapKit" */,
				B0CD153D2F05583100AF5A81 /* XCRemoteSwiftPackageReference "Alamofire" */,
				B0E99F5D2F0C91280099B29B /* XCRemoteSwiftPackageReference "Kingfisher" */,
				B0384ECA2F10E11500A1A962 /* XCRemoteSwiftPackageReference "iamport-ios" */,
				B03CCA622F14092700CD207E /* XCRemoteSwiftPackageReference "socket.io-client-swift" */,
				B0E10B712F1AF4F1000C8F51 /* XCRemoteSwiftPackageReference "kakao-ios-sdk" */,
			);
			preferredProjectObjectVersion = 77;
			productRefGroup = B056D4482EE9644100804650 /* Products */;
			projectDirPath = "";
			projectRoot = "";
			targets = (
				B056D4462EE9644100804650 /* Feelter */,
			);
		};
/* End PBXProject section */

/* Begin PBXResourcesBuildPhase section */
		B056D4452EE9644100804650 /* Resources */ = {
			isa = PBXResourcesBuildPhase;
			buildActionMask = 2147483647;
			files = (
				B056D4602EE9654C00804650 /* .gitignore in Resources */,
			);
			runOnlyForDeploymentPostprocessing = 0;
		};
/* End PBXResourcesBuildPhase section */

/* Begin PBXSourcesBuildPhase section */
		B056D4432EE9644100804650 /* Sources */ = {
			isa = PBXSourcesBuildPhase;
			buildActionMask = 2147483647;
			files = (
			);
			runOnlyForDeploymentPostprocessing = 0;
		};
/* End PBXSourcesBuildPhase section */

/* Begin XCBuildConfiguration section */
		B056D45B2EE9644300804650 /* Debug */ = {
			isa = XCBuildConfiguration;
			baseConfigurationReferenceAnchor = B056D4492EE9644100804650 /* Feelter */;
			baseConfigurationReferenceRelativePath = Secrets/APIKeys.xcconfig;
			buildSettings = {
				ASSETCATALOG_COMPILER_APPICON_NAME = AppIcon;
				ASSETCATALOG_COMPILER_GLOBAL_ACCENT_COLOR_NAME = AccentColor;
				CODE_SIGN_ENTITLEMENTS = Feelter/Feelter.entitlements;
				CODE_SIGN_STYLE = Automatic;
				CURRENT_PROJECT_VERSION = 1;
				DEVELOPMENT_TEAM = 27A9369F66;
				GENERATE_INFOPLIST_FILE = YES;
				INFOPLIST_FILE = Feelter/App/Resources/Info.plist;
				INFOPLIST_KEY_CFBundleDisplayName = Feelter;
				INFOPLIST_KEY_UIApplicationSupportsIndirectInputEvents = YES;
				INFOPLIST_KEY_UILaunchStoryboardName = LaunchScreen;
				INFOPLIST_KEY_UISupportedInterfaceOrientations = UIInterfaceOrientationPortrait;
				IPHONEOS_DEPLOYMENT_TARGET = 16.0;
				LD_RUNPATH_SEARCH_PATHS = (
					"$(inherited)",
					"@executable_path/Frameworks",
				);
				MARKETING_VERSION = 1.0;
				PRODUCT_BUNDLE_IDENTIFIER = com.wkdtnwl.Feelter;
				PRODUCT_NAME = "$(TARGET_NAME)";
				SUPPORTED_PLATFORMS = "iphoneos iphonesimulator";
				SUPPORTS_MACCATALYST = NO;
				SUPPORTS_MAC_DESIGNED_FOR_IPHONE_IPAD = NO;
				SUPPORTS_XR_DESIGNED_FOR_IPHONE_IPAD = NO;
				SWIFT_EMIT_LOC_STRINGS = YES;
				SWIFT_VERSION = 5.0;
				TARGETED_DEVICE_FAMILY = "1,2";
			};
			name = Debug;
		};
		B056D45C2EE9644300804650 /* Release */ = {
			isa = XCBuildConfiguration;
			baseConfigurationReferenceAnchor = B056D4492EE9644100804650 /* Feelter */;
			baseConfigurationReferenceRelativePath = Secrets/APIKeys.xcconfig;
			buildSettings = {
				ASSETCATALOG_COMPILER_APPICON_NAME = AppIcon;
				ASSETCATALOG_COMPILER_GLOBAL_ACCENT_COLOR_NAME = AccentColor;
				CODE_SIGN_ENTITLEMENTS = Feelter/Feelter.entitlements;
				CODE_SIGN_STYLE = Automatic;
				CURRENT_PROJECT_VERSION = 1;
				DEVELOPMENT_TEAM = 27A9369F66;
				GENERATE_INFOPLIST_FILE = YES;
				INFOPLIST_FILE = Feelter/App/Resources/Info.plist;
				INFOPLIST_KEY_CFBundleDisplayName = Feelter;
				INFOPLIST_KEY_UIApplicationSupportsIndirectInputEvents = YES;
				INFOPLIST_KEY_UILaunchStoryboardName = LaunchScreen;
				INFOPLIST_KEY_UISupportedInterfaceOrientations = UIInterfaceOrientationPortrait;
				IPHONEOS_DEPLOYMENT_TARGET = 16.0;
				LD_RUNPATH_SEARCH_PATHS = (
					"$(inherited)",
					"@executable_path/Frameworks",
				);
				MARKETING_VERSION = 1.0;
				PRODUCT_BUNDLE_IDENTIFIER = com.wkdtnwl.Feelter;
				PRODUCT_NAME = "$(TARGET_NAME)";
				SUPPORTED_PLATFORMS = "iphoneos iphonesimulator";
				SUPPORTS_MACCATALYST = NO;
				SUPPORTS_MAC_DESIGNED_FOR_IPHONE_IPAD = NO;
				SUPPORTS_XR_DESIGNED_FOR_IPHONE_IPAD = NO;
				SWIFT_EMIT_LOC_STRINGS = YES;
				SWIFT_VERSION = 5.0;
				TARGETED_DEVICE_FAMILY = "1,2";
			};
			name = Release;
		};
		B056D45D2EE9644300804650 /* Debug */ = {
			isa = XCBuildConfiguration;
			buildSettings = {
				ALWAYS_SEARCH_USER_PATHS = NO;
				ASSETCATALOG_COMPILER_GENERATE_SWIFT_ASSET_SYMBOL_EXTENSIONS = YES;
				CLANG_ANALYZER_NONNULL = YES;
				CLANG_ANALYZER_NUMBER_OBJECT_CONVERSION = YES_AGGRESSIVE;
				CLANG_CXX_LANGUAGE_STANDARD = "gnu++20";
				CLANG_ENABLE_MODULES = YES;
				CLANG_ENABLE_OBJC_ARC = YES;
				CLANG_ENABLE_OBJC_WEAK = YES;
				CLANG_WARN_BLOCK_CAPTURE_AUTORELEASING = YES;
				CLANG_WARN_BOOL_CONVERSION = YES;
				CLANG_WARN_COMMA = YES;
				CLANG_WARN_CONSTANT_CONVERSION = YES;
				CLANG_WARN_DEPRECATED_OBJC_IMPLEMENTATIONS = YES;
				CLANG_WARN_DIRECT_OBJC_ISA_USAGE = YES_ERROR;
				CLANG_WARN_DOCUMENTATION_COMMENTS = YES;
				CLANG_WARN_EMPTY_BODY = YES;
				CLANG_WARN_ENUM_CONVERSION = YES;
				CLANG_WARN_INFINITE_RECURSION = YES;
				CLANG_WARN_INT_CONVERSION = YES;
				CLANG_WARN_NON_LITERAL_NULL_CONVERSION = YES;
				CLANG_WARN_OBJC_IMPLICIT_RETAIN_SELF = YES;
				CLANG_WARN_OBJC_LITERAL_CONVERSION = YES;
				CLANG_WARN_OBJC_ROOT_CLASS = YES_ERROR;
				CLANG_WARN_QUOTED_INCLUDE_IN_FRAMEWORK_HEADER = YES;
				CLANG_WARN_RANGE_LOOP_ANALYSIS = YES;
				CLANG_WARN_STRICT_PROTOTYPES = YES;
				CLANG_WARN_SUSPICIOUS_MOVE = YES;
				CLANG_WARN_UNGUARDED_AVAILABILITY = YES_AGGRESSIVE;
				CLANG_WARN_UNREACHABLE_CODE = YES;
				CLANG_WARN__DUPLICATE_METHOD_MATCH = YES;
				COPY_PHASE_STRIP = NO;
				DEBUG_INFORMATION_FORMAT = dwarf;
				DEVELOPMENT_TEAM = 27A9369F66;
				ENABLE_STRICT_OBJC_MSGSEND = YES;
				ENABLE_TESTABILITY = YES;
				ENABLE_USER_SCRIPT_SANDBOXING = YES;
				GCC_C_LANGUAGE_STANDARD = gnu17;
				GCC_DYNAMIC_NO_PIC = NO;
				GCC_NO_COMMON_BLOCKS = YES;
				GCC_OPTIMIZATION_LEVEL = 0;
				GCC_PREPROCESSOR_DEFINITIONS = (
					"DEBUG=1",
					"$(inherited)",
				);
				GCC_WARN_64_TO_32_BIT_CONVERSION = YES;
				GCC_WARN_ABOUT_RETURN_TYPE = YES_ERROR;
				GCC_WARN_UNDECLARED_SELECTOR = YES;
				GCC_WARN_UNINITIALIZED_AUTOS = YES_AGGRESSIVE;
				GCC_WARN_UNUSED_FUNCTION = YES;
				GCC_WARN_UNUSED_VARIABLE = YES;
				IPHONEOS_DEPLOYMENT_TARGET = 18.5;
				LOCALIZATION_PREFERS_STRING_CATALOGS = YES;
				MTL_ENABLE_DEBUG_INFO = INCLUDE_SOURCE;
				MTL_FAST_MATH = YES;
				ONLY_ACTIVE_ARCH = YES;
				SDKROOT = iphoneos;
				STRING_CATALOG_GENERATE_SYMBOLS = YES;
				SWIFT_ACTIVE_COMPILATION_CONDITIONS = "DEBUG $(inherited)";
				SWIFT_OPTIMIZATION_LEVEL = "-Onone";
			};
			name = Debug;
		};
		B056D45E2EE9644300804650 /* Release */ = {
			isa = XCBuildConfiguration;
			buildSettings = {
				ALWAYS_SEARCH_USER_PATHS = NO;
				ASSETCATALOG_COMPILER_GENERATE_SWIFT_ASSET_SYMBOL_EXTENSIONS = YES;
				CLANG_ANALYZER_NONNULL = YES;
				CLANG_ANALYZER_NUMBER_OBJECT_CONVERSION = YES_AGGRESSIVE;
				CLANG_CXX_LANGUAGE_STANDARD = "gnu++20";
				CLANG_ENABLE_MODULES = YES;
				CLANG_ENABLE_OBJC_ARC = YES;
				CLANG_ENABLE_OBJC_WEAK = YES;
				CLANG_WARN_BLOCK_CAPTURE_AUTORELEASING = YES;
				CLANG_WARN_BOOL_CONVERSION = YES;
				CLANG_WARN_COMMA = YES;
				CLANG_WARN_CONSTANT_CONVERSION = YES;
				CLANG_WARN_DEPRECATED_OBJC_IMPLEMENTATIONS = YES;
				CLANG_WARN_DIRECT_OBJC_ISA_USAGE = YES_ERROR;
				CLANG_WARN_DOCUMENTATION_COMMENTS = YES;
				CLANG_WARN_EMPTY_BODY = YES;
				CLANG_WARN_ENUM_CONVERSION = YES;
				CLANG_WARN_INFINITE_RECURSION = YES;
				CLANG_WARN_INT_CONVERSION = YES;
				CLANG_WARN_NON_LITERAL_NULL_CONVERSION = YES;
				CLANG_WARN_OBJC_IMPLICIT_RETAIN_SELF = YES;
				CLANG_WARN_OBJC_LITERAL_CONVERSION = YES;
				CLANG_WARN_OBJC_ROOT_CLASS = YES_ERROR;
				CLANG_WARN_QUOTED_INCLUDE_IN_FRAMEWORK_HEADER = YES;
				CLANG_WARN_RANGE_LOOP_ANALYSIS = YES;
				CLANG_WARN_STRICT_PROTOTYPES = YES;
				CLANG_WARN_SUSPICIOUS_MOVE = YES;
				CLANG_WARN_UNGUARDED_AVAILABILITY = YES_AGGRESSIVE;
				CLANG_WARN_UNREACHABLE_CODE = YES;
				CLANG_WARN__DUPLICATE_METHOD_MATCH = YES;
				COPY_PHASE_STRIP = NO;
				DEBUG_INFORMATION_FORMAT = "dwarf-with-dsym";
				DEVELOPMENT_TEAM = 27A9369F66;
				ENABLE_NS_ASSERTIONS = NO;
				ENABLE_STRICT_OBJC_MSGSEND = YES;
				ENABLE_USER_SCRIPT_SANDBOXING = YES;
				GCC_C_LANGUAGE_STANDARD = gnu17;
				GCC_NO_COMMON_BLOCKS = YES;
				GCC_WARN_64_TO_32_BIT_CONVERSION = YES;
				GCC_WARN_ABOUT_RETURN_TYPE = YES_ERROR;
				GCC_WARN_UNDECLARED_SELECTOR = YES;
				GCC_WARN_UNINITIALIZED_AUTOS = YES_AGGRESSIVE;
				GCC_WARN_UNUSED_FUNCTION = YES;
				GCC_WARN_UNUSED_VARIABLE = YES;
				IPHONEOS_DEPLOYMENT_TARGET = 18.5;
				LOCALIZATION_PREFERS_STRING_CATALOGS = YES;
				MTL_ENABLE_DEBUG_INFO = NO;
				MTL_FAST_MATH = YES;
				SDKROOT = iphoneos;
				STRING_CATALOG_GENERATE_SYMBOLS = YES;
				SWIFT_COMPILATION_MODE = wholemodule;
				VALIDATE_PRODUCT = YES;
			};
			name = Release;
		};
/* End XCBuildConfiguration section */

/* Begin XCConfigurationList section */
		B056D4422EE9644100804650 /* Build configuration list for PBXProject "Feelter" */ = {
			isa = XCConfigurationList;
			buildConfigurations = (
				B056D45D2EE9644300804650 /* Debug */,
				B056D45E2EE9644300804650 /* Release */,
			);
			defaultConfigurationIsVisible = 0;
			defaultConfigurationName = Release;
		};
		B056D45A2EE9644300804650 /* Build configuration list for PBXNativeTarget "Feelter" */ = {
			isa = XCConfigurationList;
			buildConfigurations = (
				B056D45B2EE9644300804650 /* Debug */,
				B056D45C2EE9644300804650 /* Release */,
			);
			defaultConfigurationIsVisible = 0;
			defaultConfigurationName = Release;
		};
/* End XCConfigurationList section */

/* Begin XCRemoteSwiftPackageReference section */
		B0384ECA2F10E11500A1A962 /* XCRemoteSwiftPackageReference "iamport-ios" */ = {
			isa = XCRemoteSwiftPackageReference;
			repositoryURL = "https://github.com/iamport/iamport-ios.git";
			requirement = {
				kind = upToNextMajorVersion;
				minimumVersion = 1.4.7;
			};
		};
		B03CCA622F14092700CD207E /* XCRemoteSwiftPackageReference "socket.io-client-swift" */ = {
			isa = XCRemoteSwiftPackageReference;
			repositoryURL = "https://github.com/socketio/socket.io-client-swift.git";
			requirement = {
				kind = upToNextMajorVersion;
				minimumVersion = 16.0.0;
			};
		};
		B056D4652EE9691500804650 /* XCRemoteSwiftPackageReference "firebase-ios-sdk" */ = {
			isa = XCRemoteSwiftPackageReference;
			repositoryURL = "https://github.com/firebase/firebase-ios-sdk.git";
			requirement = {
				kind = upToNextMajorVersion;
				minimumVersion = 12.6.0;
			};
		};
		B0CD153A2F0557AB00AF5A81 /* XCRemoteSwiftPackageReference "SnapKit" */ = {
			isa = XCRemoteSwiftPackageReference;
			repositoryURL = "https://github.com/SnapKit/SnapKit.git";
			requirement = {
				kind = upToNextMajorVersion;
				minimumVersion = 5.7.1;
			};
		};
		B0CD153D2F05583100AF5A81 /* XCRemoteSwiftPackageReference "Alamofire" */ = {
			isa = XCRemoteSwiftPackageReference;
			repositoryURL = "https://github.com/Alamofire/Alamofire.git";
			requirement = {
				kind = upToNextMajorVersion;
				minimumVersion = 5.11.0;
			};
		};
		B0E10B712F1AF4F1000C8F51 /* XCRemoteSwiftPackageReference "kakao-ios-sdk" */ = {
			isa = XCRemoteSwiftPackageReference;
			repositoryURL = "https://github.com/kakao/kakao-ios-sdk";
			requirement = {
				kind = upToNextMajorVersion;
				minimumVersion = 2.27.1;
			};
		};
		B0E99F5D2F0C91280099B29B /* XCRemoteSwiftPackageReference "Kingfisher" */ = {
			isa = XCRemoteSwiftPackageReference;
			repositoryURL = "https://github.com/onevcat/Kingfisher.git";
			requirement = {
				kind = upToNextMajorVersion;
				minimumVersion = 8.6.2;
			};
		};
/* End XCRemoteSwiftPackageReference section */

/* Begin XCSwiftPackageProductDependency section */
		B0384ECB2F10E11500A1A962 /* iamport-ios */ = {
			isa = XCSwiftPackageProductDependency;
			package = B0384ECA2F10E11500A1A962 /* XCRemoteSwiftPackageReference "iamport-ios" */;
			productName = "iamport-ios";
		};
		B03CCA632F14092700CD207E /* SocketIO */ = {
			isa = XCSwiftPackageProductDependency;
			package = B03CCA622F14092700CD207E /* XCRemoteSwiftPackageReference "socket.io-client-swift" */;
			productName = SocketIO;
		};
		B056D4662EE9691500804650 /* FirebaseMessaging */ = {
			isa = XCSwiftPackageProductDependency;
			package = B056D4652EE9691500804650 /* XCRemoteSwiftPackageReference "firebase-ios-sdk" */;
			productName = FirebaseMessaging;
		};
		B0CD153B2F0557AB00AF5A81 /* SnapKit */ = {
			isa = XCSwiftPackageProductDependency;
			package = B0CD153A2F0557AB00AF5A81 /* XCRemoteSwiftPackageReference "SnapKit" */;
			productName = SnapKit;
		};
		B0CD153E2F05583100AF5A81 /* Alamofire */ = {
			isa = XCSwiftPackageProductDependency;
			package = B0CD153D2F05583100AF5A81 /* XCRemoteSwiftPackageReference "Alamofire" */;
			productName = Alamofire;
		};
		B0E10B722F1AF4F1000C8F51 /* KakaoSDKAuth */ = {
			isa = XCSwiftPackageProductDependency;
			package = B0E10B712F1AF4F1000C8F51 /* XCRemoteSwiftPackageReference "kakao-ios-sdk" */;
			productName = KakaoSDKAuth;
		};
		B0E10B742F1AF4F1000C8F51 /* KakaoSDKCommon */ = {
			isa = XCSwiftPackageProductDependency;
			package = B0E10B712F1AF4F1000C8F51 /* XCRemoteSwiftPackageReference "kakao-ios-sdk" */;
			productName = KakaoSDKCommon;
		};
		B0E10B762F1AF4F1000C8F51 /* KakaoSDKUser */ = {
			isa = XCSwiftPackageProductDependency;
			package = B0E10B712F1AF4F1000C8F51 /* XCRemoteSwiftPackageReference "kakao-ios-sdk" */;
			productName = KakaoSDKUser;
		};
		B0E99F5E2F0C91280099B29B /* Kingfisher */ = {
			isa = XCSwiftPackageProductDependency;
			package = B0E99F5D2F0C91280099B29B /* XCRemoteSwiftPackageReference "Kingfisher" */;
			productName = Kingfisher;
		};
/* End XCSwiftPackageProductDependency section */
	};
	rootObject = B056D43F2EE9644100804650 /* Project object */;
}
